
Microsoft Visual Studio Solution File, Format Version 12.00
# Visual Studio Version 17
VisualStudioVersion = 17.4.33213.308
MinimumVisualStudioVersion = 10.0.40219.1
Project("{FAE04EC0-301F-11D3-BF4B-00C04F79EFBC}") = "class-tutorial", "class-tutorial\class-tutorial.csproj", "{234EC1FB-3EC9-45C1-9DEF-100339C748CC}"
EndProject
Global
	GlobalSection(SolutionConfigurationPlatforms) = preSolution
		Debug|Any CPU = Debug|Any CPU
		Release|Any CPU = Release|Any CPU
	EndGlobalSection
	GlobalSection(ProjectConfigurationPlatforms) = postSolution
		{234EC1FB-3EC9-45C1-9DEF-100339C748CC}.Debug|Any CPU.ActiveCfg = Debug|Any CPU
		{234EC1FB-3EC9-45C1-9DEF-100339C748CC}.Debug|Any CPU.Build.0 = Debug|Any CPU
		{234EC1FB-3EC9-45C1-9DEF-100339C748CC}.Release|Any CPU.ActiveCfg = Release|Any CPU
		{234EC1FB-3EC9-45C1-9DEF-100339C748CC}.Release|Any CPU.Build.0 = Release|Any CPU
	EndGlobalSection
	GlobalSection(SolutionProperties) = preSolution
		HideSolutionNode = FALSE
	EndGlobalSection
	GlobalSection(ExtensibilityGlobals) = postSolution
		SolutionGuid = {FDF77CCB-A265-411F-9918-0016AE4BDA91}
	EndGlobalSection
EndGlobal
